// !$*UTF8*$!
{
	archiveVersion = 1;
	classes = {
	};
	objectVersion = 50;
	objects = {

/* Begin PBXBuildFile section */
		EACC648D244EA3EC00B7C5D0 /* AppDelegate.swift in Sources */ = {isa = PBXBuildFile; fileRef = EACC648C244EA3EC00B7C5D0 /* AppDelegate.swift */; };
		EACC648F244EA3EC00B7C5D0 /* SceneDelegate.swift in Sources */ = {isa = PBXBuildFile; fileRef = EACC648E244EA3EC00B7C5D0 /* SceneDelegate.swift */; };
		EACC6491244EA3EC00B7C5D0 /* ViewController.swift in Sources */ = {isa = PBXBuildFile; fileRef = EACC6490244EA3EC00B7C5D0 /* ViewController.swift */; };
		EACC6494244EA3EC00B7C5D0 /* Main.storyboard in Resources */ = {isa = PBXBuildFile; fileRef = EACC6492244EA3EC00B7C5D0 /* Main.storyboard */; };
		EACC6496244EA3F000B7C5D0 /* Assets.xcassets in Resources */ = {isa = PBXBuildFile; fileRef = EACC6495244EA3F000B7C5D0 /* Assets.xcassets */; };
		EACC6499244EA3F000B7C5D0 /* LaunchScreen.storyboard in Resources */ = {isa = PBXBuildFile; fileRef = EACC6497244EA3F000B7C5D0 /* LaunchScreen.storyboard */; };
		EACC64A3244EA9B200B7C5D0 /* HeaderView.swift in Sources */ = {isa = PBXBuildFile; fileRef = EACC64A2244EA9B200B7C5D0 /* HeaderView.swift */; };
		EACC64A5244EA9C200B7C5D0 /* HeaderView.xib in Resources */ = {isa = PBXBuildFile; fileRef = EACC64A4244EA9C200B7C5D0 /* HeaderView.xib */; };
/* End PBXBuildFile section */

/* Begin PBXFileReference section */
		EACC6489244EA3EC00B7C5D0 /* Expand UITableViewCell.app */ = {isa = PBXFileReference; explicitFileType = wrapper.application; includeInIndex = 0; path = "Expand UITableViewCell.app"; sourceTree = BUILT_PRODUCTS_DIR; };
		EACC648C244EA3EC00B7C5D0 /* AppDelegate.swift */ = {isa = PBXFileReference; lastKnownFileType = sourcecode.swift; path = AppDelegate.swift; sourceTree = "<group>"; };
		EACC648E244EA3EC00B7C5D0 /* SceneDelegate.swift */ = {isa = PBXFileReference; lastKnownFileType = sourcecode.swift; path = SceneDelegate.swift; sourceTree = "<group>"; };
		EACC6490244EA3EC00B7C5D0 /* ViewController.swift */ = {isa = PBXFileReference; lastKnownFileType = sourcecode.swift; path = ViewController.swift; sourceTree = "<group>"; };
		EACC6493244EA3EC00B7C5D0 /* Base */ = {isa = PBXFileReference; lastKnownFileType = file.storyboard; name = Base; path = Base.lproj/Main.storyboard; sourceTree = "<group>"; };
		EACC6495244EA3F000B7C5D0 /* Assets.xcassets */ = {isa = PBXFileReference; lastKnownFileType = folder.assetcatalog; path = Assets.xcassets; sourceTree = "<group>"; };
		EACC6498244EA3F000B7C5D0 /* Base */ = {isa = PBXFileReference; lastKnownFileType = file.storyboard; name = Base; path = Base.lproj/LaunchScreen.storyboard; sourceTree = "<group>"; };
		EACC649A244EA3F000B7C5D0 /* Info.plist */ = {isa = PBXFileReference; lastKnownFileType = text.plist.xml; path = Info.plist; sourceTree = "<group>"; };
		EACC64A2244EA9B200B7C5D0 /* HeaderView.swift */ = {isa = PBXFileReference; lastKnownFileType = sourcecode.swift; path = HeaderView.swift; sourceTree = "<group>"; };
		EACC64A4244EA9C200B7C5D0 /* HeaderView.xib */ = {isa = PBXFileReference; lastKnownFileType = file.xib; path = HeaderView.xib; sourceTree = "<group>"; };
/* End PBXFileReference section */

/* Begin PBXFrameworksBuildPhase section */
		EACC6486244EA3EC00B7C5D0 /* Frameworks */ = {
			isa = PBXFrameworksBuildPhase;
			buildActionMask = 2147483647;
			files = (
			);
			runOnlyForDeploymentPostprocessing = 0;
		};
/* End PBXFrameworksBuildPhase section */

/* Begin PBXGroup section */
		EACC6480244EA3EB00B7C5D0 = {
			isa = PBXGroup;
			children = (
				EACC648B244EA3EC00B7C5D0 /* Expand UITableViewCell */,
				EACC648A244EA3EC00B7C5D0 /* Products */,
			);
			sourceTree = "<group>";
		};
		EACC648A244EA3EC00B7C5D0 /* Products */ = {
			isa = PBXGroup;
			children = (
				EACC6489244EA3EC00B7C5D0 /* Expand UITableViewCell.app */,
			);
			name = Products;
			sourceTree = "<group>";
		};
		EACC648B244EA3EC00B7C5D0 /* Expand UITableViewCell */ = {
			isa = PBXGroup;
			children = (
				EACC64A1244EA98F00B7C5D0 /* HeaderView */,
				EACC648C244EA3EC00B7C5D0 /* AppDelegate.swift */,
				EACC648E244EA3EC00B7C5D0 /* SceneDelegate.swift */,
				EACC6490244EA3EC00B7C5D0 /* ViewController.swift */,
				EACC6492244EA3EC00B7C5D0 /* Main.storyboard */,
				EACC6495244EA3F000B7C5D0 /* Assets.xcassets */,
				EACC6497244EA3F000B7C5D0 /* LaunchScreen.storyboard */,
				EACC649A244EA3F000B7C5D0 /* Info.plist */,
			);
			path = "Expand UITableViewCell";
			sourceTree = "<group>";
		};
		EACC64A1244EA98F00B7C5D0 /* HeaderView */ = {
			isa = PBXGroup;
			children = (
				EACC64A2244EA9B200B7C5D0 /* HeaderView.swift */,
				EACC64A4244EA9C200B7C5D0 /* HeaderView.xib */,
			);
			path = HeaderView;
			sourceTree = "<group>";
		};
/* End PBXGroup section */

/* Begin PBXNativeTarget section */
		EACC6488244EA3EC00B7C5D0 /* Expand UITableViewCell */ = {
			isa = PBXNativeTarget;
			buildConfigurationList = EACC649D244EA3F000B7C5D0 /* Build configuration list for PBXNativeTarget "Expand UITableViewCell" */;
			buildPhases = (
				EACC6485244EA3EC00B7C5D0 /* Sources */,
				EACC6486244EA3EC00B7C5D0 /* Frameworks */,
				EACC6487244EA3EC00B7C5D0 /* Resources */,
			);
			buildRules = (
			);
			dependencies = (
			);
			name = "Expand UITableViewCell";
			productName = "Expand UITableViewCell";
			productReference = EACC6489244EA3EC00B7C5D0 /* Expand UITableViewCell.app */;
			productType = "com.apple.product-type.application";
		};
/* End PBXNativeTarget section */

/* Begin PBXProject section */
		EACC6481244EA3EB00B7C5D0 /* Project object */ = {
			isa = PBXProject;
			attributes = {
				LastSwiftUpdateCheck = 1140;
				LastUpgradeCheck = 1140;
				ORGANIZATIONNAME = Kha;
				TargetAttributes = {
					EACC6488244EA3EC00B7C5D0 = {
						CreatedOnToolsVersion = 11.4.1;
					};
				};
			};
			buildConfigurationList = EACC6484244EA3EB00B7C5D0 /* Build configuration list for PBXProject "Expand UITableViewCell" */;
			compatibilityVersion = "Xcode 9.3";
			developmentRegion = en;
			hasScannedForEncodings = 0;
			knownRegions = (
				en,
				Base,
			);
			mainGroup = EACC6480244EA3EB00B7C5D0;
			productRefGroup = EACC648A244EA3EC00B7C5D0 /* Products */;
			projectDirPath = "";
			projectRoot = "";
			targets = (
				EACC6488244EA3EC00B7C5D0 /* Expand UITableViewCell */,
			);
		};
/* End PBXProject section */

/* Begin PBXResourcesBuildPhase section */
		EACC6487244EA3EC00B7C5D0 /* Resources */ = {
			isa = PBXResourcesBuildPhase;
			buildActionMask = 2147483647;
			files = (
				EACC6499244EA3F000B7C5D0 /* LaunchScreen.storyboard in Resources */,
				EACC6496244EA3F000B7C5D0 /* Assets.xcassets in Resources */,
				EACC6494244EA3EC00B7C5D0 /* Main.storyboard in Resources */,
				EACC64A5244EA9C200B7C5D0 /* HeaderView.xib in Resources */,
			);
			runOnlyForDeploymentPostprocessing = 0;
		};
/* End PBXResourcesBuildPhase section */

/* Begin PBXSourcesBuildPhase section */
		EACC6485244EA3EC00B7C5D0 /* Sources */ = {
			isa = PBXSourcesBuildPhase;
			buildActionMask = 2147483647;
			files = (
				EACC6491244EA3EC00B7C5D0 /* ViewController.swift in Sources */,
				EACC648D244EA3EC00B7C5D0 /* AppDelegate.swift in Sources */,
				EACC648F244EA3EC00B7C5D0 /* SceneDelegate.swift in Sources */,
				EACC64A3244EA9B200B7C5D0 /* HeaderView.swift in Sources */,
			);
			runOnlyForDeploymentPostprocessing = 0;
		};
/* End PBXSourcesBuildPhase section */

/* Begin PBXVariantGroup section */
		EACC6492244EA3EC00B7C5D0 /* Main.storyboard */ = {
			isa = PBXVariantGroup;
			children = (
				EACC6493244EA3EC00B7C5D0 /* Base */,
			);
			name = Main.storyboard;
			sourceTree = "<group>";
		};
		EACC6497244EA3F000B7C5D0 /* LaunchScreen.storyboard */ = {
			isa = PBXVariantGroup;
			children = (
				EACC6498244EA3F000B7C5D0 /* Base */,
			);
			name = LaunchScreen.storyboard;
			sourceTree = "<group>";
		};
/* End PBXVariantGroup section */

/* Begin XCBuildConfiguration section */
		EACC649B244EA3F000B7C5D0 /* Debug */ = {
			isa = XCBuildConfiguration;
			buildSettings = {
				ALWAYS_SEARCH_USER_PATHS = NO;
				CLANG_ANALYZER_NONNULL = YES;
				CLANG_ANALYZER_NUMBER_OBJECT_CONVERSION = YES_AGGRESSIVE;
				CLANG_CXX_LANGUAGE_STANDARD = "gnu++14";
				CLANG_CXX_LIBRARY = "libc++";
				CLANG_ENABLE_MODULES = YES;
				CLANG_ENABLE_OBJC_ARC = YES;
				CLANG_ENABLE_OBJC_WEAK = YES;
				CLANG_WARN_BLOCK_CAPTURE_AUTORELEASING = YES;
				CLANG_WARN_BOOL_CONVERSION = YES;
				CLANG_WARN_COMMA = YES;
				CLANG_WARN_CONSTANT_CONVERSION = YES;
				CLANG_WARN_DEPRECATED_OBJC_IMPLEMENTATIONS = YES;
				CLANG_WARN_DIRECT_OBJC_ISA_USAGE = YES_ERROR;
				CLANG_WARN_DOCUMENTATION_COMMENTS = YES;
				CLANG_WARN_EMPTY_BODY = YES;
				CLANG_WARN_ENUM_CONVERSION = YES;
				CLANG_WARN_INFINITE_RECURSION = YES;
				CLANG_WARN_INT_CONVERSION = YES;
				CLANG_WARN_NON_LITERAL_NULL_CONVERSION = YES;
				CLANG_WARN_OBJC_IMPLICIT_RETAIN_SELF = YES;
				CLANG_WARN_OBJC_LITERAL_CONVERSION = YES;
				CLANG_WARN_OBJC_ROOT_CLASS = YES_ERROR;
				CLANG_WARN_RANGE_LOOP_ANALYSIS = YES;
				CLANG_WARN_STRICT_PROTOTYPES = YES;
				CLANG_WARN_SUSPICIOUS_MOVE = YES;
				CLANG_WARN_UNGUARDED_AVAILABILITY = YES_AGGRESSIVE;
				CLANG_WARN_UNREACHABLE_CODE = YES;
				CLANG_WARN__DUPLICATE_METHOD_MATCH = YES;
				COPY_PHASE_STRIP = NO;
				DEBUG_INFORMATION_FORMAT = dwarf;
				ENABLE_STRICT_OBJC_MSGSEND = YES;
				ENABLE_TESTABILITY = YES;
				GCC_C_LANGUAGE_STANDARD = gnu11;
				GCC_DYNAMIC_NO_PIC = NO;
				GCC_NO_COMMON_BLOCKS = YES;
				GCC_OPTIMIZATION_LEVEL = 0;
				GCC_PREPROCESSOR_DEFINITIONS = (
					"DEBUG=1",
					"$(inherited)",
				);
				GCC_WARN_64_TO_32_BIT_CONVERSION = YES;
				GCC_WARN_ABOUT_RETURN_TYPE = YES_ERROR;
				GCC_WARN_UNDECLARED_SELECTOR = YES;
				GCC_WARN_UNINITIALIZED_AUTOS = YES_AGGRESSIVE;
				GCC_WARN_UNUSED_FUNCTION = YES;
				GCC_WARN_UNUSED_VARIABLE = YES;
				IPHONEOS_DEPLOYMENT_TARGET = 13.4;
				MTL_ENABLE_DEBUG_INFO = INCLUDE_SOURCE;
				MTL_FAST_MATH = YES;
				ONLY_ACTIVE_ARCH = YES;
				SDKROOT = iphoneos;
				SWIFT_ACTIVE_COMPILATION_CONDITIONS = DEBUG;
				SWIFT_OPTIMIZATION_LEVEL = "-Onone";
			};
			name = Debug;
		};
		EACC649C244EA3F000B7C5D0 /* Release */ = {
			isa = XCBuildConfiguration;
			buildSettings = {
				ALWAYS_SEARCH_USER_PATHS = NO;
				CLANG_ANALYZER_NONNULL = YES;
				CLANG_ANALYZER_NUMBER_OBJECT_CONVERSION = YES_AGGRESSIVE;
				CLANG_CXX_LANGUAGE_STANDARD = "gnu++14";
				CLANG_CXX_LIBRARY = "libc++";
				CLANG_ENABLE_MODULES = YES;
				CLANG_ENABLE_OBJC_ARC = YES;
				CLANG_ENABLE_OBJC_WEAK = YES;
				CLANG_WARN_BLOCK_CAPTURE_AUTORELEASING = YES;
				CLANG_WARN_BOOL_CONVERSION = YES;
				CLANG_WARN_COMMA = YES;
				CLANG_WARN_CONSTANT_CONVERSION = YES;
				CLANG_WARN_DEPRECATED_OBJC_IMPLEMENTATIONS = YES;
				CLANG_WARN_DIRECT_OBJC_ISA_USAGE = YES_ERROR;
				CLANG_WARN_DOCUMENTATION_COMMENTS = YES;
				CLANG_WARN_EMPTY_BODY = YES;
				CLANG_WARN_ENUM_CONVERSION = YES;
				CLANG_WARN_INFINITE_RECURSION = YES;
				CLANG_WARN_INT_CONVERSION = YES;
				CLANG_WARN_NON_LITERAL_NULL_CONVERSION = YES;
				CLANG_WARN_OBJC_IMPLICIT_RETAIN_SELF = YES;
				CLANG_WARN_OBJC_LITERAL_CONVERSION = YES;
				CLANG_WARN_OBJC_ROOT_CLASS = YES_ERROR;
				CLANG_WARN_RANGE_LOOP_ANALYSIS = YES;
				CLANG_WARN_STRICT_PROTOTYPES = YES;
				CLANG_WARN_SUSPICIOUS_MOVE = YES;
				CLANG_WARN_UNGUARDED_AVAILABILITY = YES_AGGRESSIVE;
				CLANG_WARN_UNREACHABLE_CODE = YES;
				CLANG_WARN__DUPLICATE_METHOD_MATCH = YES;
				COPY_PHASE_STRIP = NO;
				DEBUG_INFORMATION_FORMAT = "dwarf-with-dsym";
				ENABLE_NS_ASSERTIONS = NO;
				ENABLE_STRICT_OBJC_MSGSEND = YES;
				GCC_C_LANGUAGE_STANDARD = gnu11;
				GCC_NO_COMMON_BLOCKS = YES;
				GCC_WARN_64_TO_32_BIT_CONVERSION = YES;
				GCC_WARN_ABOUT_RETURN_TYPE = YES_ERROR;
				GCC_WARN_UNDECLARED_SELECTOR = YES;
				GCC_WARN_UNINITIALIZED_AUTOS = YES_AGGRESSIVE;
				GCC_WARN_UNUSED_FUNCTION = YES;
				GCC_WARN_UNUSED_VARIABLE = YES;
				IPHONEOS_DEPLOYMENT_TARGET = 13.4;
				MTL_ENABLE_DEBUG_INFO = NO;
				MTL_FAST_MATH = YES;
				SDKROOT = iphoneos;
				SWIFT_COMPILATION_MODE = wholemodule;
				SWIFT_OPTIMIZATION_LEVEL = "-O";
				VALIDATE_PRODUCT = YES;
			};
			name = Release;
		};
		EACC649E244EA3F000B7C5D0 /* Debug */ = {
			isa = XCBuildConfiguration;
			buildSettings = {
				ASSETCATALOG_COMPILER_APPICON_NAME = AppIcon;
				CODE_SIGN_STYLE = Automatic;
				DEVELOPMENT_TEAM = 5QW5XHCZLJ;
				INFOPLIST_FILE = "Expand UITableViewCell/Info.plist";
				LD_RUNPATH_SEARCH_PATHS = (
					"$(inherited)",
					"@executable_path/Frameworks",
				);
				PRODUCT_BUNDLE_IDENTIFIER = "com.kha.Expand-UITableViewCell";
				PRODUCT_NAME = "$(TARGET_NAME)";
				SWIFT_VERSION = 5.0;
				TARGETED_DEVICE_FAMILY = "1,2";
			};
			name = Debug;
		};
		EACC649F244EA3F000B7C5D0 /* Release */ = {
			isa = XCBuildConfiguration;
			buildSettings = {
				ASSETCATALOG_COMPILER_APPICON_NAME = AppIcon;
				CODE_SIGN_STYLE = Automatic;
				DEVELOPMENT_TEAM = 5QW5XHCZLJ;
				INFOPLIST_FILE = "Expand UITableViewCell/Info.plist";
				LD_RUNPATH_SEARCH_PATHS = (
					"$(inherited)",
					"@executable_path/Frameworks",
				);
				PRODUCT_BUNDLE_IDENTIFIER = "com.kha.Expand-UITableViewCell";
				PRODUCT_NAME = "$(TARGET_NAME)";
				SWIFT_VERSION = 5.0;
				TARGETED_DEVICE_FAMILY = "1,2";
			};
			name = Release;
		};
/* End XCBuildConfiguration section */

/* Begin XCConfigurationList section */
		EACC6484244EA3EB00B7C5D0 /* Build configuration list for PBXProject "Expand UITableViewCell" */ = {
			isa = XCConfigurationList;
			buildConfigurations = (
				EACC649B244EA3F000B7C5D0 /* Debug */,
				EACC649C244EA3F000B7C5D0 /* Release */,
			);
			defaultConfigurationIsVisible = 0;
			defaultConfigurationName = Release;
		};
		EACC649D244EA3F000B7C5D0 /* Build configuration list for PBXNativeTarget "Expand UITableViewCell" */ = {
			isa = XCConfigurationList;
			buildConfigurations = (
				EACC649E244EA3F000B7C5D0 /* Debug */,
				EACC649F244EA3F000B7C5D0 /* Release */,
			);
			defaultConfigurationIsVisible = 0;
			defaultConfigurationName = Release;
		};
/* End XCConfigurationList section */
	};
	rootObject = EACC6481244EA3EB00B7C5D0 /* Project object */;
}
